// !$*UTF8*$!
{
	archiveVersion = 1;
	classes = {
	};
	objectVersion = 46;
	objects = {

/* Begin PBXBuildFile section */
		8C91C56E1D50C52D00DB3232 /* AppDelegate.swift in Sources */ = {isa = PBXBuildFile; fileRef = 8C91C56D1D50C52D00DB3232 /* AppDelegate.swift */; };
		8C91C5701D50C52D00DB3232 /* ViewController.swift in Sources */ = {isa = PBXBuildFile; fileRef = 8C91C56F1D50C52D00DB3232 /* ViewController.swift */; };
		8C91C5731D50C52D00DB3232 /* Main.storyboard in Resources */ = {isa = PBXBuildFile; fileRef = 8C91C5711D50C52D00DB3232 /* Main.storyboard */; };
		8C91C5751D50C52D00DB3232 /* Assets.xcassets in Resources */ = {isa = PBXBuildFile; fileRef = 8C91C5741D50C52D00DB3232 /* Assets.xcassets */; };
		8C91C5781D50C52D00DB3232 /* LaunchScreen.storyboard in Resources */ = {isa = PBXBuildFile; fileRef = 8C91C5761D50C52D00DB3232 /* LaunchScreen.storyboard */; };
/* End PBXBuildFile section */

/* Begin PBXFileReference section */
		8C91C56A1D50C52D00DB3232 /* 15-自定义log.app */ = {isa = PBXFileReference; explicitFileType = wrapper.application; includeInIndex = 0; path = "15-自定义log.app"; sourceTree = BUILT_PRODUCTS_DIR; };
		8C91C56D1D50C52D00DB3232 /* AppDelegate.swift */ = {isa = PBXFileReference; lastKnownFileType = sourcecode.swift; path = AppDelegate.swift; sourceTree = "<group>"; };
		8C91C56F1D50C52D00DB3232 /* ViewController.swift */ = {isa = PBXFileReference; lastKnownFileType = sourcecode.swift; path = ViewController.swift; sourceTree = "<group>"; };
		8C91C5721D50C52D00DB3232 /* Base */ = {isa = PBXFileReference; lastKnownFileType = file.storyboard; name = Base; path = Base.lproj/Main.storyboard; sourceTree = "<group>"; };
		8C91C5741D50C52D00DB3232 /* Assets.xcassets */ = {isa = PBXFileReference; lastKnownFileType = folder.assetcatalog; path = Assets.xcassets; sourceTree = "<group>"; };
		8C91C5771D50C52D00DB3232 /* Base */ = {isa = PBXFileReference; lastKnownFileType = file.storyboard; name = Base; path = Base.lproj/LaunchScreen.storyboard; sourceTree = "<group>"; };
		8C91C5791D50C52D00DB3232 /* Info.plist */ = {isa = PBXFileReference; lastKnownFileType = text.plist.xml; path = Info.plist; sourceTree = "<group>"; };
/* End PBXFileReference section */

/* Begin PBXFrameworksBuildPhase section */
		8C91C5671D50C52D00DB3232 /* Frameworks */ = {
			isa = PBXFrameworksBuildPhase;
			buildActionMask = 2147483647;
			files = (
			);
			runOnlyForDeploymentPostprocessing = 0;
		};
/* End PBXFrameworksBuildPhase section */

/* Begin PBXGroup section */
		8C91C5611D50C52D00DB3232 = {
			isa = PBXGroup;
			children = (
				8C91C56C1D50C52D00DB3232 /* 15-自定义log */,
				8C91C56B1D50C52D00DB3232 /* Products */,
			);
			sourceTree = "<group>";
		};
		8C91C56B1D50C52D00DB3232 /* Products */ = {
			isa = PBXGroup;
			children = (
				8C91C56A1D50C52D00DB3232 /* 15-自定义log.app */,
			);
			name = Products;
			sourceTree = "<group>";
		};
		8C91C56C1D50C52D00DB3232 /* 15-自定义log */ = {
			isa = PBXGroup;
			children = (
				8C91C56D1D50C52D00DB3232 /* AppDelegate.swift */,
				8C91C56F1D50C52D00DB3232 /* ViewController.swift */,
				8C91C5711D50C52D00DB3232 /* Main.storyboard */,
				8C91C5741D50C52D00DB3232 /* Assets.xcassets */,
				8C91C5761D50C52D00DB3232 /* LaunchScreen.storyboard */,
				8C91C5791D50C52D00DB3232 /* Info.plist */,
			);
			path = "15-自定义log";
			sourceTree = "<group>";
		};
/* End PBXGroup section */

/* Begin PBXNativeTarget section */
		8C91C5691D50C52D00DB3232 /* 15-自定义log */ = {
			isa = PBXNativeTarget;
			buildConfigurationList = 8C91C57C1D50C52D00DB3232 /* Build configuration list for PBXNativeTarget "15-自定义log" */;
			buildPhases = (
				8C91C5661D50C52D00DB3232 /* Sources */,
				8C91C5671D50C52D00DB3232 /* Frameworks */,
				8C91C5681D50C52D00DB3232 /* Resources */,
			);
			buildRules = (
			);
			dependencies = (
			);
			name = "15-自定义log";
			productName = "15-自定义log";
			productReference = 8C91C56A1D50C52D00DB3232 /* 15-自定义log.app */;
			productType = "com.apple.product-type.application";
		};
/* End PBXNativeTarget section */

/* Begin PBXProject section */
		8C91C5621D50C52D00DB3232 /* Project object */ = {
			isa = PBXProject;
			attributes = {
				LastSwiftUpdateCheck = 0730;
				LastUpgradeCheck = 0730;
				ORGANIZATIONNAME = "熊欣";
				TargetAttributes = {
					8C91C5691D50C52D00DB3232 = {
						CreatedOnToolsVersion = 7.3;
					};
				};
			};
			buildConfigurationList = 8C91C5651D50C52D00DB3232 /* Build configuration list for PBXProject "15-自定义log" */;
			compatibilityVersion = "Xcode 3.2";
			developmentRegion = English;
			hasScannedForEncodings = 0;
			knownRegions = (
				en,
				Base,
			);
			mainGroup = 8C91C5611D50C52D00DB3232;
			productRefGroup = 8C91C56B1D50C52D00DB3232 /* Products */;
			projectDirPath = "";
			projectRoot = "";
			targets = (
				8C91C5691D50C52D00DB3232 /* 15-自定义log */,
			);
		};
/* End PBXProject section */

/* Begin PBXResourcesBuildPhase section */
		8C91C5681D50C52D00DB3232 /* Resources */ = {
			isa = PBXResourcesBuildPhase;
			buildActionMask = 2147483647;
			files = (
				8C91C5781D50C52D00DB3232 /* LaunchScreen.storyboard in Resources */,
				8C91C5751D50C52D00DB3232 /* Assets.xcassets in Resources */,
				8C91C5731D50C52D00DB3232 /* Main.storyboard in Resources */,
			);
			runOnlyForDeploymentPostprocessing = 0;
		};
/* End PBXResourcesBuildPhase section */

/* Begin PBXSourcesBuildPhase section */
		8C91C5661D50C52D00DB3232 /* Sources */ = {
			isa = PBXSourcesBuildPhase;
			buildActionMask = 2147483647;
			files = (
				8C91C5701D50C52D00DB3232 /* ViewController.swift in Sources */,
				8C91C56E1D50C52D00DB3232 /* AppDelegate.swift in Sources */,
			);
			runOnlyForDeploymentPostprocessing = 0;
		};
/* End PBXSourcesBuildPhase section */

/* Begin PBXVariantGroup section */
		8C91C5711D50C52D00DB3232 /* Main.storyboard */ = {
			isa = PBXVariantGroup;
			children = (
				8C91C5721D50C52D00DB3232 /* Base */,
			);
			name = Main.storyboard;
			sourceTree = "<group>";
		};
		8C91C5761D50C52D00DB3232 /* LaunchScreen.storyboard */ = {
			isa = PBXVariantGroup;
			children = (
				8C91C5771D50C52D00DB3232 /* Base */,
			);
			name = LaunchScreen.storyboard;
			sourceTree = "<group>";
		};
/* End PBXVariantGroup section */

/* Begin XCBuildConfiguration section */
		8C91C57A1D50C52D00DB3232 /* Debug */ = {
			isa = XCBuildConfiguration;
			buildSettings = {
				ALWAYS_SEARCH_USER_PATHS = NO;
				CLANG_ANALYZER_NONNULL = YES;
				CLANG_CXX_LANGUAGE_STANDARD = "gnu++0x";
				CLANG_CXX_LIBRARY = "libc++";
				CLANG_ENABLE_MODULES = YES;
				CLANG_ENABLE_OBJC_ARC = YES;
				CLANG_WARN_BOOL_CONVERSION = YES;
				CLANG_WARN_CONSTANT_CONVERSION = YES;
				CLANG_WARN_DIRECT_OBJC_ISA_USAGE = YES_ERROR;
				CLANG_WARN_EMPTY_BODY = YES;
				CLANG_WARN_ENUM_CONVERSION = YES;
				CLANG_WARN_INT_CONVERSION = YES;
				CLANG_WARN_OBJC_ROOT_CLASS = YES_ERROR;
				CLANG_WARN_UNREACHABLE_CODE = YES;
				CLANG_WARN__DUPLICATE_METHOD_MATCH = YES;
				"CODE_SIGN_IDENTITY[sdk=iphoneos*]" = "iPhone Developer";
				COPY_PHASE_STRIP = NO;
				DEBUG_INFORMATION_FORMAT = dwarf;
				ENABLE_STRICT_OBJC_MSGSEND = YES;
				ENABLE_TESTABILITY = YES;
				GCC_C_LANGUAGE_STANDARD = gnu99;
				GCC_DYNAMIC_NO_PIC = NO;
				GCC_NO_COMMON_BLOCKS = YES;
				GCC_OPTIMIZATION_LEVEL = 0;
				GCC_PREPROCESSOR_DEFINITIONS = (
					"DEBUG=1",
					"$(inherited)",
				);
				GCC_WARN_64_TO_32_BIT_CONVERSION = YES;
				GCC_WARN_ABOUT_RETURN_TYPE = YES_ERROR;
				GCC_WARN_UNDECLARED_SELECTOR = YES;
				GCC_WARN_UNINITIALIZED_AUTOS = YES_AGGRESSIVE;
				GCC_WARN_UNUSED_FUNCTION = YES;
				GCC_WARN_UNUSED_VARIABLE = YES;
				IPHONEOS_DEPLOYMENT_TARGET = 9.3;
				MTL_ENABLE_DEBUG_INFO = YES;
				ONLY_ACTIVE_ARCH = YES;
				SDKROOT = iphoneos;
				SWIFT_OPTIMIZATION_LEVEL = "-Onone";
				TARGETED_DEVICE_FAMILY = "1,2";
			};
			name = Debug;
		};
		8C91C57B1D50C52D00DB3232 /* Release */ = {
			isa = XCBuildConfiguration;
			buildSettings = {
				ALWAYS_SEARCH_USER_PATHS = NO;
				CLANG_ANALYZER_NONNULL = YES;
				CLANG_CXX_LANGUAGE_STANDARD = "gnu++0x";
				CLANG_CXX_LIBRARY = "libc++";
				CLANG_ENABLE_MODULES = YES;
				CLANG_ENABLE_OBJC_ARC = YES;
				CLANG_WARN_BOOL_CONVERSION = YES;
				CLANG_WARN_CONSTANT_CONVERSION = YES;
				CLANG_WARN_DIRECT_OBJC_ISA_USAGE = YES_ERROR;
				CLANG_WARN_EMPTY_BODY = YES;
				CLANG_WARN_ENUM_CONVERSION = YES;
				CLANG_WARN_INT_CONVERSION = YES;
				CLANG_WARN_OBJC_ROOT_CLASS = YES_ERROR;
				CLANG_WARN_UNREACHABLE_CODE = YES;
				CLANG_WARN__DUPLICATE_METHOD_MATCH = YES;
				"CODE_SIGN_IDENTITY[sdk=iphoneos*]" = "iPhone Developer";
				COPY_PHASE_STRIP = NO;
				DEBUG_INFORMATION_FORMAT = "dwarf-with-dsym";
				ENABLE_NS_ASSERTIONS = NO;
				ENABLE_STRICT_OBJC_MSGSEND = YES;
				GCC_C_LANGUAGE_STANDARD = gnu99;
				GCC_NO_COMMON_BLOCKS = YES;
				GCC_WARN_64_TO_32_BIT_CONVERSION = YES;
				GCC_WARN_ABOUT_RETURN_TYPE = YES_ERROR;
				GCC_WARN_UNDECLARED_SELECTOR = YES;
				GCC_WARN_UNINITIALIZED_AUTOS = YES_AGGRESSIVE;
				GCC_WARN_UNUSED_FUNCTION = YES;
				GCC_WARN_UNUSED_VARIABLE = YES;
				IPHONEOS_DEPLOYMENT_TARGET = 9.3;
				MTL_ENABLE_DEBUG_INFO = NO;
				SDKROOT = iphoneos;
				TARGETED_DEVICE_FAMILY = "1,2";
				VALIDATE_PRODUCT = YES;
			};
			name = Release;
		};
		8C91C57D1D50C52D00DB3232 /* Debug */ = {
			isa = XCBuildConfiguration;
			buildSettings = {
				ASSETCATALOG_COMPILER_APPICON_NAME = AppIcon;
				INFOPLIST_FILE = "15-自定义log/Info.plist";
				LD_RUNPATH_SEARCH_PATHS = "$(inherited) @executable_path/Frameworks";
				PRODUCT_BUNDLE_IDENTIFIER = "com.pateo.-5----log";
				PRODUCT_NAME = "$(TARGET_NAME)";
			};
			name = Debug;
		};
		8C91C57E1D50C52D00DB3232 /* Release */ = {
			isa = XCBuildConfiguration;
			buildSettings = {
				ASSETCATALOG_COMPILER_APPICON_NAME = AppIcon;
				INFOPLIST_FILE = "15-自定义log/Info.plist";
				LD_RUNPATH_SEARCH_PATHS = "$(inherited) @executable_path/Frameworks";
				PRODUCT_BUNDLE_IDENTIFIER = "com.pateo.-5----log";
				PRODUCT_NAME = "$(TARGET_NAME)";
			};
			name = Release;
		};
/* End XCBuildConfiguration section */

/* Begin XCConfigurationList section */
		8C91C5651D50C52D00DB3232 /* Build configuration list for PBXProject "15-自定义log" */ = {
			isa = XCConfigurationList;
			buildConfigurations = (
				8C91C57A1D50C52D00DB3232 /* Debug */,
				8C91C57B1D50C52D00DB3232 /* Release */,
			);
			defaultConfigurationIsVisible = 0;
			defaultConfigurationName = Release;
		};
		8C91C57C1D50C52D00DB3232 /* Build configuration list for PBXNativeTarget "15-自定义log" */ = {
			isa = XCConfigurationList;
			buildConfigurations = (
				8C91C57D1D50C52D00DB3232 /* Debug */,
				8C91C57E1D50C52D00DB3232 /* Release */,
			);
			defaultConfigurationIsVisible = 0;
		};
/* End XCConfigurationList section */
	};
	rootObject = 8C91C5621D50C52D00DB3232 /* Project object */;
}
